
Microsoft Visual Studio Solution File, Format Version 12.00
# Visual Studio Version 17
VisualStudioVersion = 17.0.31903.59
MinimumVisualStudioVersion = 10.0.40219.1
Project("{2150E333-8FDC-42A3-9474-1A3956D46DE8}") = "Solution Items", "Solution Items", "{AFA07ADD-2631-4E37-957A-F59C58E32F2B}"
	ProjectSection(SolutionItems) = preProject
		delivery-plan.md = delivery-plan.md
		project-evaluation.md = project-evaluation.md
		README.md = README.md
		software-architecture.md = software-architecture.md
		solution-requirements.md = solution-requirements.md
		user-stories.md = user-stories.md
	EndProjectSection
EndProject
Project("{FAE04EC0-301F-11D3-BF4B-00C04F79EFBC}") = "TodoListApp.WebApi", "TodoListApp.WebApi\TodoListApp.WebApi.csproj", "{F3906565-F06E-41A7-A03A-406753FD19E6}"
EndProject
Project("{FAE04EC0-301F-11D3-BF4B-00C04F79EFBC}") = "TodoListApp.WebApp", "TodoListApp.WebApp\TodoListApp.WebApp.csproj", "{6ABCA6CE-374F-4AA6-AB75-9D9765754A88}"
EndProject
Global
	GlobalSection(SolutionProperties) = preSolution
		HideSolutionNode = FALSE
	EndGlobalSection
	GlobalSection(ExtensibilityGlobals) = postSolution
		SolutionGuid = {71075FF6-34FF-4DFB-BBA7-7654CC357608}
	EndGlobalSection
	GlobalSection(ProjectConfigurationPlatforms) = postSolution
		{F3906565-F06E-41A7-A03A-406753FD19E6}.Debug|Any CPU.ActiveCfg = Debug|Any CPU
		{F3906565-F06E-41A7-A03A-406753FD19E6}.Debug|Any CPU.Build.0 = Debug|Any CPU
		{F3906565-F06E-41A7-A03A-406753FD19E6}.Debug|Any CPU.Deploy.0 = Debug|Any CPU
		{F3906565-F06E-41A7-A03A-406753FD19E6}.Release|Any CPU.ActiveCfg = Release|Any CPU
		{F3906565-F06E-41A7-A03A-406753FD19E6}.Release|Any CPU.Build.0 = Release|Any CPU
		{6ABCA6CE-374F-4AA6-AB75-9D9765754A88}.Debug|Any CPU.ActiveCfg = Debug|Any CPU
		{6ABCA6CE-374F-4AA6-AB75-9D9765754A88}.Debug|Any CPU.Build.0 = Debug|Any CPU
		{6ABCA6CE-374F-4AA6-AB75-9D9765754A88}.Release|Any CPU.ActiveCfg = Release|Any CPU
		{6ABCA6CE-374F-4AA6-AB75-9D9765754A88}.Release|Any CPU.Build.0 = Release|Any CPU
	EndGlobalSection
	GlobalSection(SolutionConfigurationPlatforms) = preSolution
		Debug|Any CPU = Debug|Any CPU
		Release|Any CPU = Release|Any CPU
	EndGlobalSection
EndGlobal
